
Microsoft Visual Studio Solution File, Format Version 12.00
# Visual Studio Version 16
VisualStudioVersion = 16.0.30114.105
MinimumVisualStudioVersion = 10.0.40219.1
Project("{FAE04EC0-301F-11D3-BF4B-00C04F79EFBC}") = "SecondTests", "SecondTests\SecondTests.csproj", "{E1284EE6-96B5-4D75-8A00-8F5B5DC393C2}"
EndProject
Global
	GlobalSection(SolutionConfigurationPlatforms) = preSolution
		Debug|Any CPU = Debug|Any CPU
		Release|Any CPU = Release|Any CPU
	EndGlobalSection
	GlobalSection(ProjectConfigurationPlatforms) = postSolution
		{E1284EE6-96B5-4D75-8A00-8F5B5DC393C2}.Debug|Any CPU.ActiveCfg = Debug|Any CPU
		{E1284EE6-96B5-4D75-8A00-8F5B5DC393C2}.Debug|Any CPU.Build.0 = Debug|Any CPU
		{E1284EE6-96B5-4D75-8A00-8F5B5DC393C2}.Release|Any CPU.ActiveCfg = Release|Any CPU
		{E1284EE6-96B5-4D75-8A00-8F5B5DC393C2}.Release|Any CPU.Build.0 = Release|Any CPU
	EndGlobalSection
	GlobalSection(SolutionProperties) = preSolution
		HideSolutionNode = FALSE
	EndGlobalSection
	GlobalSection(ExtensibilityGlobals) = postSolution
		SolutionGuid = {F7C27651-CC39-4D02-BE72-7D1455AB7BBC}
	EndGlobalSection
EndGlobal
